
Microsoft Visual Studio Solution File, Format Version 12.00
# Visual Studio Version 16
VisualStudioVersion = 16.0.30320.27
MinimumVisualStudioVersion = 10.0.40219.1
Project("{FAE04EC0-301F-11D3-BF4B-00C04F79EFBC}") = "Reverse the Order of a String", "Reverse the Order of a String\Reverse the Order of a String.csproj", "{60B33999-1369-4F41-B17D-02B90334871E}"
EndProject
Global
	GlobalSection(SolutionConfigurationPlatforms) = preSolution
		Debug|Any CPU = Debug|Any CPU
		Release|Any CPU = Release|Any CPU
	EndGlobalSection
	GlobalSection(ProjectConfigurationPlatforms) = postSolution
		{60B33999-1369-4F41-B17D-02B90334871E}.Debug|Any CPU.ActiveCfg = Debug|Any CPU
		{60B33999-1369-4F41-B17D-02B90334871E}.Debug|Any CPU.Build.0 = Debug|Any CPU
		{60B33999-1369-4F41-B17D-02B90334871E}.Release|Any CPU.ActiveCfg = Release|Any CPU
		{60B33999-1369-4F41-B17D-02B90334871E}.Release|Any CPU.Build.0 = Release|Any CPU
	EndGlobalSection
	GlobalSection(SolutionProperties) = preSolution
		HideSolutionNode = FALSE
	EndGlobalSection
	GlobalSection(ExtensibilityGlobals) = postSolution
		SolutionGuid = {75080EA4-C6A0-4ED9-B35A-5889D5BA8FFE}
	EndGlobalSection
EndGlobal
