
Microsoft Visual Studio Solution File, Format Version 12.00
# Visual Studio Version 16
VisualStudioVersion = 16.0.30011.22
MinimumVisualStudioVersion = 10.0.40219.1
Project("{FAE04EC0-301F-11D3-BF4B-00C04F79EFBC}") = "exe1", "exe1\exe1.csproj", "{FE153ED1-3A89-4CA7-8C05-2AC23812BDB3}"
EndProject
Global
	GlobalSection(SolutionConfigurationPlatforms) = preSolution
		Debug|Any CPU = Debug|Any CPU
		Release|Any CPU = Release|Any CPU
	EndGlobalSection
	GlobalSection(ProjectConfigurationPlatforms) = postSolution
		{FE153ED1-3A89-4CA7-8C05-2AC23812BDB3}.Debug|Any CPU.ActiveCfg = Debug|Any CPU
		{FE153ED1-3A89-4CA7-8C05-2AC23812BDB3}.Debug|Any CPU.Build.0 = Debug|Any CPU
		{FE153ED1-3A89-4CA7-8C05-2AC23812BDB3}.Release|Any CPU.ActiveCfg = Release|Any CPU
		{FE153ED1-3A89-4CA7-8C05-2AC23812BDB3}.Release|Any CPU.Build.0 = Release|Any CPU
	EndGlobalSection
	GlobalSection(SolutionProperties) = preSolution
		HideSolutionNode = FALSE
	EndGlobalSection
	GlobalSection(ExtensibilityGlobals) = postSolution
		SolutionGuid = {5DA88D65-787E-4A35-A40A-E955B3B1DD50}
	EndGlobalSection
EndGlobal
