
Microsoft Visual Studio Solution File, Format Version 12.00
# Visual Studio Version 16
VisualStudioVersion = 16.0.30320.27
MinimumVisualStudioVersion = 10.0.40219.1
Project("{FAE04EC0-301F-11D3-BF4B-00C04F79EFBC}") = "Find an Anagram of a String in Another String", "Find an Anagram of a String in Another String\Find an Anagram of a String in Another String.csproj", "{9B26EF84-2D15-4DA0-B0C7-C1EC2E0D175F}"
EndProject
Global
	GlobalSection(SolutionConfigurationPlatforms) = preSolution
		Debug|Any CPU = Debug|Any CPU
		Release|Any CPU = Release|Any CPU
	EndGlobalSection
	GlobalSection(ProjectConfigurationPlatforms) = postSolution
		{9B26EF84-2D15-4DA0-B0C7-C1EC2E0D175F}.Debug|Any CPU.ActiveCfg = Debug|Any CPU
		{9B26EF84-2D15-4DA0-B0C7-C1EC2E0D175F}.Debug|Any CPU.Build.0 = Debug|Any CPU
		{9B26EF84-2D15-4DA0-B0C7-C1EC2E0D175F}.Release|Any CPU.ActiveCfg = Release|Any CPU
		{9B26EF84-2D15-4DA0-B0C7-C1EC2E0D175F}.Release|Any CPU.Build.0 = Release|Any CPU
	EndGlobalSection
	GlobalSection(SolutionProperties) = preSolution
		HideSolutionNode = FALSE
	EndGlobalSection
	GlobalSection(ExtensibilityGlobals) = postSolution
		SolutionGuid = {AF8EBB3B-4E59-4E01-B5E0-1BA609AF90B5}
	EndGlobalSection
EndGlobal
