
Microsoft Visual Studio Solution File, Format Version 12.00
# Visual Studio Version 16
VisualStudioVersion = 16.0.30011.22
MinimumVisualStudioVersion = 10.0.40219.1
Project("{FAE04EC0-301F-11D3-BF4B-00C04F79EFBC}") = "exe2", "exe2\exe2.csproj", "{7078C2C2-11DA-4304-AA67-A6B4ACD69927}"
EndProject
Global
	GlobalSection(SolutionConfigurationPlatforms) = preSolution
		Debug|Any CPU = Debug|Any CPU
		Release|Any CPU = Release|Any CPU
	EndGlobalSection
	GlobalSection(ProjectConfigurationPlatforms) = postSolution
		{7078C2C2-11DA-4304-AA67-A6B4ACD69927}.Debug|Any CPU.ActiveCfg = Debug|Any CPU
		{7078C2C2-11DA-4304-AA67-A6B4ACD69927}.Debug|Any CPU.Build.0 = Debug|Any CPU
		{7078C2C2-11DA-4304-AA67-A6B4ACD69927}.Release|Any CPU.ActiveCfg = Release|Any CPU
		{7078C2C2-11DA-4304-AA67-A6B4ACD69927}.Release|Any CPU.Build.0 = Release|Any CPU
	EndGlobalSection
	GlobalSection(SolutionProperties) = preSolution
		HideSolutionNode = FALSE
	EndGlobalSection
	GlobalSection(ExtensibilityGlobals) = postSolution
		SolutionGuid = {15A7A300-3D26-49BD-8AB1-2529D3C1A97B}
	EndGlobalSection
EndGlobal
