
Microsoft Visual Studio Solution File, Format Version 12.00
# Visual Studio Version 16
VisualStudioVersion = 16.0.30320.27
MinimumVisualStudioVersion = 10.0.40219.1
Project("{FAE04EC0-301F-11D3-BF4B-00C04F79EFBC}") = "StopWatchSecond", "StopWatchSecond\StopWatchSecond.csproj", "{6192C051-56D6-4F0C-AFBF-BBE7F02109A0}"
EndProject
Global
	GlobalSection(SolutionConfigurationPlatforms) = preSolution
		Debug|Any CPU = Debug|Any CPU
		Release|Any CPU = Release|Any CPU
	EndGlobalSection
	GlobalSection(ProjectConfigurationPlatforms) = postSolution
		{6192C051-56D6-4F0C-AFBF-BBE7F02109A0}.Debug|Any CPU.ActiveCfg = Debug|Any CPU
		{6192C051-56D6-4F0C-AFBF-BBE7F02109A0}.Debug|Any CPU.Build.0 = Debug|Any CPU
		{6192C051-56D6-4F0C-AFBF-BBE7F02109A0}.Release|Any CPU.ActiveCfg = Release|Any CPU
		{6192C051-56D6-4F0C-AFBF-BBE7F02109A0}.Release|Any CPU.Build.0 = Release|Any CPU
	EndGlobalSection
	GlobalSection(SolutionProperties) = preSolution
		HideSolutionNode = FALSE
	EndGlobalSection
	GlobalSection(ExtensibilityGlobals) = postSolution
		SolutionGuid = {59193542-78BF-4A35-87B4-032B7A1CD732}
	EndGlobalSection
EndGlobal
