
Microsoft Visual Studio Solution File, Format Version 12.00
# Visual Studio Version 16
VisualStudioVersion = 16.0.30011.22
MinimumVisualStudioVersion = 10.0.40219.1
Project("{FAE04EC0-301F-11D3-BF4B-00C04F79EFBC}") = "exe3", "exe3\exe3.csproj", "{AE2FA3D0-C01E-4CA2-BAD4-84B5EAF999FE}"
EndProject
Global
	GlobalSection(SolutionConfigurationPlatforms) = preSolution
		Debug|Any CPU = Debug|Any CPU
		Release|Any CPU = Release|Any CPU
	EndGlobalSection
	GlobalSection(ProjectConfigurationPlatforms) = postSolution
		{AE2FA3D0-C01E-4CA2-BAD4-84B5EAF999FE}.Debug|Any CPU.ActiveCfg = Debug|Any CPU
		{AE2FA3D0-C01E-4CA2-BAD4-84B5EAF999FE}.Debug|Any CPU.Build.0 = Debug|Any CPU
		{AE2FA3D0-C01E-4CA2-BAD4-84B5EAF999FE}.Release|Any CPU.ActiveCfg = Release|Any CPU
		{AE2FA3D0-C01E-4CA2-BAD4-84B5EAF999FE}.Release|Any CPU.Build.0 = Release|Any CPU
	EndGlobalSection
	GlobalSection(SolutionProperties) = preSolution
		HideSolutionNode = FALSE
	EndGlobalSection
	GlobalSection(ExtensibilityGlobals) = postSolution
		SolutionGuid = {5B6C9C49-AA9C-43EB-864A-9F6945D24BB1}
	EndGlobalSection
EndGlobal
