
Microsoft Visual Studio Solution File, Format Version 12.00
# Visual Studio Version 16
VisualStudioVersion = 16.0.30011.22
MinimumVisualStudioVersion = 10.0.40219.1
Project("{FAE04EC0-301F-11D3-BF4B-00C04F79EFBC}") = "AccessModifiers", "AccessModifiers\AccessModifiers.csproj", "{68F94356-9E64-4370-A65A-B26298BE0F07}"
EndProject
Global
	GlobalSection(SolutionConfigurationPlatforms) = preSolution
		Debug|Any CPU = Debug|Any CPU
		Release|Any CPU = Release|Any CPU
	EndGlobalSection
	GlobalSection(ProjectConfigurationPlatforms) = postSolution
		{68F94356-9E64-4370-A65A-B26298BE0F07}.Debug|Any CPU.ActiveCfg = Debug|Any CPU
		{68F94356-9E64-4370-A65A-B26298BE0F07}.Debug|Any CPU.Build.0 = Debug|Any CPU
		{68F94356-9E64-4370-A65A-B26298BE0F07}.Release|Any CPU.ActiveCfg = Release|Any CPU
		{68F94356-9E64-4370-A65A-B26298BE0F07}.Release|Any CPU.Build.0 = Release|Any CPU
	EndGlobalSection
	GlobalSection(SolutionProperties) = preSolution
		HideSolutionNode = FALSE
	EndGlobalSection
	GlobalSection(ExtensibilityGlobals) = postSolution
		SolutionGuid = {04E95C4C-E964-4C24-AD0D-538A7CED71CC}
	EndGlobalSection
EndGlobal
