
Microsoft Visual Studio Solution File, Format Version 12.00
# Visual Studio Version 16
VisualStudioVersion = 16.0.30011.22
MinimumVisualStudioVersion = 10.0.40219.1
Project("{FAE04EC0-301F-11D3-BF4B-00C04F79EFBC}") = "ReverseAndNot2", "ReverseAndNot2\ReverseAndNot2.csproj", "{125246FF-2770-492D-8FEF-8A653AB9E70D}"
EndProject
Global
	GlobalSection(SolutionConfigurationPlatforms) = preSolution
		Debug|Any CPU = Debug|Any CPU
		Release|Any CPU = Release|Any CPU
	EndGlobalSection
	GlobalSection(ProjectConfigurationPlatforms) = postSolution
		{125246FF-2770-492D-8FEF-8A653AB9E70D}.Debug|Any CPU.ActiveCfg = Debug|Any CPU
		{125246FF-2770-492D-8FEF-8A653AB9E70D}.Debug|Any CPU.Build.0 = Debug|Any CPU
		{125246FF-2770-492D-8FEF-8A653AB9E70D}.Release|Any CPU.ActiveCfg = Release|Any CPU
		{125246FF-2770-492D-8FEF-8A653AB9E70D}.Release|Any CPU.Build.0 = Release|Any CPU
	EndGlobalSection
	GlobalSection(SolutionProperties) = preSolution
		HideSolutionNode = FALSE
	EndGlobalSection
	GlobalSection(ExtensibilityGlobals) = postSolution
		SolutionGuid = {97DE54A3-40C5-470E-BB55-53C9907B36E6}
	EndGlobalSection
EndGlobal
