
Microsoft Visual Studio Solution File, Format Version 12.00
# Visual Studio Version 16
VisualStudioVersion = 16.0.30320.27
MinimumVisualStudioVersion = 10.0.40219.1
Project("{FAE04EC0-301F-11D3-BF4B-00C04F79EFBC}") = "Smooth Sentences", "Smooth Sentences\Smooth Sentences.csproj", "{A845E33B-33F8-4026-B9D8-EF74018F570B}"
EndProject
Global
	GlobalSection(SolutionConfigurationPlatforms) = preSolution
		Debug|Any CPU = Debug|Any CPU
		Release|Any CPU = Release|Any CPU
	EndGlobalSection
	GlobalSection(ProjectConfigurationPlatforms) = postSolution
		{A845E33B-33F8-4026-B9D8-EF74018F570B}.Debug|Any CPU.ActiveCfg = Debug|Any CPU
		{A845E33B-33F8-4026-B9D8-EF74018F570B}.Debug|Any CPU.Build.0 = Debug|Any CPU
		{A845E33B-33F8-4026-B9D8-EF74018F570B}.Release|Any CPU.ActiveCfg = Release|Any CPU
		{A845E33B-33F8-4026-B9D8-EF74018F570B}.Release|Any CPU.Build.0 = Release|Any CPU
	EndGlobalSection
	GlobalSection(SolutionProperties) = preSolution
		HideSolutionNode = FALSE
	EndGlobalSection
	GlobalSection(ExtensibilityGlobals) = postSolution
		SolutionGuid = {3EFF505C-B70A-4658-A208-AE91B0817957}
	EndGlobalSection
EndGlobal
