
Microsoft Visual Studio Solution File, Format Version 12.00
# Visual Studio Version 16
VisualStudioVersion = 16.0.30011.22
MinimumVisualStudioVersion = 10.0.40219.1
Project("{FAE04EC0-301F-11D3-BF4B-00C04F79EFBC}") = "listsexe5", "listsexe5\listsexe5.csproj", "{2EC75366-CC8A-429D-AA56-CDA2042DBE72}"
EndProject
Global
	GlobalSection(SolutionConfigurationPlatforms) = preSolution
		Debug|Any CPU = Debug|Any CPU
		Release|Any CPU = Release|Any CPU
	EndGlobalSection
	GlobalSection(ProjectConfigurationPlatforms) = postSolution
		{2EC75366-CC8A-429D-AA56-CDA2042DBE72}.Debug|Any CPU.ActiveCfg = Debug|Any CPU
		{2EC75366-CC8A-429D-AA56-CDA2042DBE72}.Debug|Any CPU.Build.0 = Debug|Any CPU
		{2EC75366-CC8A-429D-AA56-CDA2042DBE72}.Release|Any CPU.ActiveCfg = Release|Any CPU
		{2EC75366-CC8A-429D-AA56-CDA2042DBE72}.Release|Any CPU.Build.0 = Release|Any CPU
	EndGlobalSection
	GlobalSection(SolutionProperties) = preSolution
		HideSolutionNode = FALSE
	EndGlobalSection
	GlobalSection(ExtensibilityGlobals) = postSolution
		SolutionGuid = {F86BD35C-5551-41F1-B9B1-00714C6BFA5D}
	EndGlobalSection
EndGlobal
