
Microsoft Visual Studio Solution File, Format Version 12.00
# Visual Studio Version 16
VisualStudioVersion = 16.0.30320.27
MinimumVisualStudioVersion = 10.0.40219.1
Project("{FAE04EC0-301F-11D3-BF4B-00C04F79EFBC}") = "CountWords", "CountWords\CountWords.csproj", "{6B3A0B2A-E05F-48E1-93C0-964127917EE3}"
EndProject
Global
	GlobalSection(SolutionConfigurationPlatforms) = preSolution
		Debug|Any CPU = Debug|Any CPU
		Release|Any CPU = Release|Any CPU
	EndGlobalSection
	GlobalSection(ProjectConfigurationPlatforms) = postSolution
		{6B3A0B2A-E05F-48E1-93C0-964127917EE3}.Debug|Any CPU.ActiveCfg = Debug|Any CPU
		{6B3A0B2A-E05F-48E1-93C0-964127917EE3}.Debug|Any CPU.Build.0 = Debug|Any CPU
		{6B3A0B2A-E05F-48E1-93C0-964127917EE3}.Release|Any CPU.ActiveCfg = Release|Any CPU
		{6B3A0B2A-E05F-48E1-93C0-964127917EE3}.Release|Any CPU.Build.0 = Release|Any CPU
	EndGlobalSection
	GlobalSection(SolutionProperties) = preSolution
		HideSolutionNode = FALSE
	EndGlobalSection
	GlobalSection(ExtensibilityGlobals) = postSolution
		SolutionGuid = {A6BED5FE-B0A7-472A-92E3-65E240578DCA}
	EndGlobalSection
EndGlobal
