
Microsoft Visual Studio Solution File, Format Version 12.00
# Visual Studio Version 16
VisualStudioVersion = 16.0.30011.22
MinimumVisualStudioVersion = 10.0.40219.1
Project("{FAE04EC0-301F-11D3-BF4B-00C04F79EFBC}") = "PowerRanger", "PowerRanger\PowerRanger.csproj", "{42FB36D8-F02C-45ED-802D-03B08702A277}"
EndProject
Global
	GlobalSection(SolutionConfigurationPlatforms) = preSolution
		Debug|Any CPU = Debug|Any CPU
		Release|Any CPU = Release|Any CPU
	EndGlobalSection
	GlobalSection(ProjectConfigurationPlatforms) = postSolution
		{42FB36D8-F02C-45ED-802D-03B08702A277}.Debug|Any CPU.ActiveCfg = Debug|Any CPU
		{42FB36D8-F02C-45ED-802D-03B08702A277}.Debug|Any CPU.Build.0 = Debug|Any CPU
		{42FB36D8-F02C-45ED-802D-03B08702A277}.Release|Any CPU.ActiveCfg = Release|Any CPU
		{42FB36D8-F02C-45ED-802D-03B08702A277}.Release|Any CPU.Build.0 = Release|Any CPU
	EndGlobalSection
	GlobalSection(SolutionProperties) = preSolution
		HideSolutionNode = FALSE
	EndGlobalSection
	GlobalSection(ExtensibilityGlobals) = postSolution
		SolutionGuid = {573AC0C8-0213-4832-8D68-929D810506E5}
	EndGlobalSection
EndGlobal
