
Microsoft Visual Studio Solution File, Format Version 12.00
# Visual Studio Version 16
VisualStudioVersion = 16.0.30011.22
MinimumVisualStudioVersion = 10.0.40219.1
Project("{FAE04EC0-301F-11D3-BF4B-00C04F79EFBC}") = "exe2", "exe2\exe2.csproj", "{1FCA1D3E-9C43-4B20-891D-1D836111953B}"
EndProject
Global
	GlobalSection(SolutionConfigurationPlatforms) = preSolution
		Debug|Any CPU = Debug|Any CPU
		Release|Any CPU = Release|Any CPU
	EndGlobalSection
	GlobalSection(ProjectConfigurationPlatforms) = postSolution
		{1FCA1D3E-9C43-4B20-891D-1D836111953B}.Debug|Any CPU.ActiveCfg = Debug|Any CPU
		{1FCA1D3E-9C43-4B20-891D-1D836111953B}.Debug|Any CPU.Build.0 = Debug|Any CPU
		{1FCA1D3E-9C43-4B20-891D-1D836111953B}.Release|Any CPU.ActiveCfg = Release|Any CPU
		{1FCA1D3E-9C43-4B20-891D-1D836111953B}.Release|Any CPU.Build.0 = Release|Any CPU
	EndGlobalSection
	GlobalSection(SolutionProperties) = preSolution
		HideSolutionNode = FALSE
	EndGlobalSection
	GlobalSection(ExtensibilityGlobals) = postSolution
		SolutionGuid = {D43D2262-F2C5-447D-821C-FD356C93D91D}
	EndGlobalSection
EndGlobal
