
Microsoft Visual Studio Solution File, Format Version 12.00
# Visual Studio Version 16
VisualStudioVersion = 16.0.30320.27
MinimumVisualStudioVersion = 10.0.40219.1
Project("{FAE04EC0-301F-11D3-BF4B-00C04F79EFBC}") = "Stuttering Function", "Stuttering Function\Stuttering Function.csproj", "{2E9A3C48-9791-4259-852B-F1AF761C98D2}"
EndProject
Global
	GlobalSection(SolutionConfigurationPlatforms) = preSolution
		Debug|Any CPU = Debug|Any CPU
		Release|Any CPU = Release|Any CPU
	EndGlobalSection
	GlobalSection(ProjectConfigurationPlatforms) = postSolution
		{2E9A3C48-9791-4259-852B-F1AF761C98D2}.Debug|Any CPU.ActiveCfg = Debug|Any CPU
		{2E9A3C48-9791-4259-852B-F1AF761C98D2}.Debug|Any CPU.Build.0 = Debug|Any CPU
		{2E9A3C48-9791-4259-852B-F1AF761C98D2}.Release|Any CPU.ActiveCfg = Release|Any CPU
		{2E9A3C48-9791-4259-852B-F1AF761C98D2}.Release|Any CPU.Build.0 = Release|Any CPU
	EndGlobalSection
	GlobalSection(SolutionProperties) = preSolution
		HideSolutionNode = FALSE
	EndGlobalSection
	GlobalSection(ExtensibilityGlobals) = postSolution
		SolutionGuid = {FDB50E04-CCCE-4F97-8C1C-0780D4A6846B}
	EndGlobalSection
EndGlobal
