
Microsoft Visual Studio Solution File, Format Version 12.00
# Visual Studio Version 16
VisualStudioVersion = 16.0.30011.22
MinimumVisualStudioVersion = 10.0.40219.1
Project("{FAE04EC0-301F-11D3-BF4B-00C04F79EFBC}") = "Constructor Inheritance", "Constructor Inheritance\Constructor Inheritance.csproj", "{A57FA9E5-2923-44AC-88C7-6172EC2B1313}"
EndProject
Global
	GlobalSection(SolutionConfigurationPlatforms) = preSolution
		Debug|Any CPU = Debug|Any CPU
		Release|Any CPU = Release|Any CPU
	EndGlobalSection
	GlobalSection(ProjectConfigurationPlatforms) = postSolution
		{A57FA9E5-2923-44AC-88C7-6172EC2B1313}.Debug|Any CPU.ActiveCfg = Debug|Any CPU
		{A57FA9E5-2923-44AC-88C7-6172EC2B1313}.Debug|Any CPU.Build.0 = Debug|Any CPU
		{A57FA9E5-2923-44AC-88C7-6172EC2B1313}.Release|Any CPU.ActiveCfg = Release|Any CPU
		{A57FA9E5-2923-44AC-88C7-6172EC2B1313}.Release|Any CPU.Build.0 = Release|Any CPU
	EndGlobalSection
	GlobalSection(SolutionProperties) = preSolution
		HideSolutionNode = FALSE
	EndGlobalSection
	GlobalSection(ExtensibilityGlobals) = postSolution
		SolutionGuid = {5EF22734-7C80-4D60-BE8F-46A8C88F0211}
	EndGlobalSection
EndGlobal
