
Microsoft Visual Studio Solution File, Format Version 12.00
# Visual Studio Version 16
VisualStudioVersion = 16.0.30320.27
MinimumVisualStudioVersion = 10.0.40219.1
Project("{FAE04EC0-301F-11D3-BF4B-00C04F79EFBC}") = "HurdleHeight", "HurdleHeight\HurdleHeight.csproj", "{B99B604B-272B-4921-ABE2-6DE767476608}"
EndProject
Global
	GlobalSection(SolutionConfigurationPlatforms) = preSolution
		Debug|Any CPU = Debug|Any CPU
		Release|Any CPU = Release|Any CPU
	EndGlobalSection
	GlobalSection(ProjectConfigurationPlatforms) = postSolution
		{B99B604B-272B-4921-ABE2-6DE767476608}.Debug|Any CPU.ActiveCfg = Debug|Any CPU
		{B99B604B-272B-4921-ABE2-6DE767476608}.Debug|Any CPU.Build.0 = Debug|Any CPU
		{B99B604B-272B-4921-ABE2-6DE767476608}.Release|Any CPU.ActiveCfg = Release|Any CPU
		{B99B604B-272B-4921-ABE2-6DE767476608}.Release|Any CPU.Build.0 = Release|Any CPU
	EndGlobalSection
	GlobalSection(SolutionProperties) = preSolution
		HideSolutionNode = FALSE
	EndGlobalSection
	GlobalSection(ExtensibilityGlobals) = postSolution
		SolutionGuid = {F226C211-3C6E-4E45-9ADF-F11A8048191C}
	EndGlobalSection
EndGlobal
