
Microsoft Visual Studio Solution File, Format Version 12.00
# Visual Studio Version 16
VisualStudioVersion = 16.0.30011.22
MinimumVisualStudioVersion = 10.0.40219.1
Project("{FAE04EC0-301F-11D3-BF4B-00C04F79EFBC}") = "exe5", "exe5\exe5.csproj", "{184973CD-2EB5-44CD-B924-C8683ECEFF4E}"
EndProject
Global
	GlobalSection(SolutionConfigurationPlatforms) = preSolution
		Debug|Any CPU = Debug|Any CPU
		Release|Any CPU = Release|Any CPU
	EndGlobalSection
	GlobalSection(ProjectConfigurationPlatforms) = postSolution
		{184973CD-2EB5-44CD-B924-C8683ECEFF4E}.Debug|Any CPU.ActiveCfg = Debug|Any CPU
		{184973CD-2EB5-44CD-B924-C8683ECEFF4E}.Debug|Any CPU.Build.0 = Debug|Any CPU
		{184973CD-2EB5-44CD-B924-C8683ECEFF4E}.Release|Any CPU.ActiveCfg = Release|Any CPU
		{184973CD-2EB5-44CD-B924-C8683ECEFF4E}.Release|Any CPU.Build.0 = Release|Any CPU
	EndGlobalSection
	GlobalSection(SolutionProperties) = preSolution
		HideSolutionNode = FALSE
	EndGlobalSection
	GlobalSection(ExtensibilityGlobals) = postSolution
		SolutionGuid = {1E5E7800-4788-41E0-BBBB-288D08EED59E}
	EndGlobalSection
EndGlobal
