
Microsoft Visual Studio Solution File, Format Version 12.00
# Visual Studio Version 16
VisualStudioVersion = 16.0.30320.27
MinimumVisualStudioVersion = 10.0.40219.1
Project("{FAE04EC0-301F-11D3-BF4B-00C04F79EFBC}") = "smaller nmb", "smaller nmb\smaller nmb.csproj", "{AB2D20F6-F70A-4136-81C4-E2690A18A6E6}"
EndProject
Global
	GlobalSection(SolutionConfigurationPlatforms) = preSolution
		Debug|Any CPU = Debug|Any CPU
		Release|Any CPU = Release|Any CPU
	EndGlobalSection
	GlobalSection(ProjectConfigurationPlatforms) = postSolution
		{AB2D20F6-F70A-4136-81C4-E2690A18A6E6}.Debug|Any CPU.ActiveCfg = Debug|Any CPU
		{AB2D20F6-F70A-4136-81C4-E2690A18A6E6}.Debug|Any CPU.Build.0 = Debug|Any CPU
		{AB2D20F6-F70A-4136-81C4-E2690A18A6E6}.Release|Any CPU.ActiveCfg = Release|Any CPU
		{AB2D20F6-F70A-4136-81C4-E2690A18A6E6}.Release|Any CPU.Build.0 = Release|Any CPU
	EndGlobalSection
	GlobalSection(SolutionProperties) = preSolution
		HideSolutionNode = FALSE
	EndGlobalSection
	GlobalSection(ExtensibilityGlobals) = postSolution
		SolutionGuid = {17BFDFC1-275D-4A72-9942-3986E4987009}
	EndGlobalSection
EndGlobal
