
Microsoft Visual Studio Solution File, Format Version 12.00
# Visual Studio Version 16
VisualStudioVersion = 16.0.30320.27
MinimumVisualStudioVersion = 10.0.40219.1
Project("{FAE04EC0-301F-11D3-BF4B-00C04F79EFBC}") = "Block the square in Tic Tac Toe", "Block the square in Tic Tac Toe\Block the square in Tic Tac Toe.csproj", "{472F5BB6-CCBB-4590-8A04-35BEBC095D03}"
EndProject
Global
	GlobalSection(SolutionConfigurationPlatforms) = preSolution
		Debug|Any CPU = Debug|Any CPU
		Release|Any CPU = Release|Any CPU
	EndGlobalSection
	GlobalSection(ProjectConfigurationPlatforms) = postSolution
		{472F5BB6-CCBB-4590-8A04-35BEBC095D03}.Debug|Any CPU.ActiveCfg = Debug|Any CPU
		{472F5BB6-CCBB-4590-8A04-35BEBC095D03}.Debug|Any CPU.Build.0 = Debug|Any CPU
		{472F5BB6-CCBB-4590-8A04-35BEBC095D03}.Release|Any CPU.ActiveCfg = Release|Any CPU
		{472F5BB6-CCBB-4590-8A04-35BEBC095D03}.Release|Any CPU.Build.0 = Release|Any CPU
	EndGlobalSection
	GlobalSection(SolutionProperties) = preSolution
		HideSolutionNode = FALSE
	EndGlobalSection
	GlobalSection(ExtensibilityGlobals) = postSolution
		SolutionGuid = {12B7253F-38DB-41BB-964B-70F06A429431}
	EndGlobalSection
EndGlobal
