
Microsoft Visual Studio Solution File, Format Version 12.00
# Visual Studio Version 16
VisualStudioVersion = 16.0.30320.27
MinimumVisualStudioVersion = 10.0.40219.1
Project("{FAE04EC0-301F-11D3-BF4B-00C04F79EFBC}") = "Re-Form the Word", "Re-Form the Word\Re-Form the Word.csproj", "{A6C3CBDA-C092-4300-B991-5858517F72D6}"
EndProject
Global
	GlobalSection(SolutionConfigurationPlatforms) = preSolution
		Debug|Any CPU = Debug|Any CPU
		Release|Any CPU = Release|Any CPU
	EndGlobalSection
	GlobalSection(ProjectConfigurationPlatforms) = postSolution
		{A6C3CBDA-C092-4300-B991-5858517F72D6}.Debug|Any CPU.ActiveCfg = Debug|Any CPU
		{A6C3CBDA-C092-4300-B991-5858517F72D6}.Debug|Any CPU.Build.0 = Debug|Any CPU
		{A6C3CBDA-C092-4300-B991-5858517F72D6}.Release|Any CPU.ActiveCfg = Release|Any CPU
		{A6C3CBDA-C092-4300-B991-5858517F72D6}.Release|Any CPU.Build.0 = Release|Any CPU
	EndGlobalSection
	GlobalSection(SolutionProperties) = preSolution
		HideSolutionNode = FALSE
	EndGlobalSection
	GlobalSection(ExtensibilityGlobals) = postSolution
		SolutionGuid = {DF778D91-FEBD-41B6-B176-79CC4A4CF96E}
	EndGlobalSection
EndGlobal
