
Microsoft Visual Studio Solution File, Format Version 12.00
# Visual Studio Version 16
VisualStudioVersion = 16.0.30320.27
MinimumVisualStudioVersion = 10.0.40219.1
Project("{FAE04EC0-301F-11D3-BF4B-00C04F79EFBC}") = "Find the Missing Number", "Find the Missing Number\Find the Missing Number.csproj", "{632E47DB-9EC5-4DB7-A97B-042EED31F5A4}"
EndProject
Global
	GlobalSection(SolutionConfigurationPlatforms) = preSolution
		Debug|Any CPU = Debug|Any CPU
		Release|Any CPU = Release|Any CPU
	EndGlobalSection
	GlobalSection(ProjectConfigurationPlatforms) = postSolution
		{632E47DB-9EC5-4DB7-A97B-042EED31F5A4}.Debug|Any CPU.ActiveCfg = Debug|Any CPU
		{632E47DB-9EC5-4DB7-A97B-042EED31F5A4}.Debug|Any CPU.Build.0 = Debug|Any CPU
		{632E47DB-9EC5-4DB7-A97B-042EED31F5A4}.Release|Any CPU.ActiveCfg = Release|Any CPU
		{632E47DB-9EC5-4DB7-A97B-042EED31F5A4}.Release|Any CPU.Build.0 = Release|Any CPU
	EndGlobalSection
	GlobalSection(SolutionProperties) = preSolution
		HideSolutionNode = FALSE
	EndGlobalSection
	GlobalSection(ExtensibilityGlobals) = postSolution
		SolutionGuid = {97956208-FB19-4319-BD0C-94380EF90E8F}
	EndGlobalSection
EndGlobal
