
Microsoft Visual Studio Solution File, Format Version 12.00
# Visual Studio Version 16
VisualStudioVersion = 16.0.30320.27
MinimumVisualStudioVersion = 10.0.40219.1
Project("{FAE04EC0-301F-11D3-BF4B-00C04F79EFBC}") = "Design a Stack2", "Design a Stack2\Design a Stack2.csproj", "{52FBD544-5C77-4BC6-BB9A-30C5933617CD}"
EndProject
Global
	GlobalSection(SolutionConfigurationPlatforms) = preSolution
		Debug|Any CPU = Debug|Any CPU
		Release|Any CPU = Release|Any CPU
	EndGlobalSection
	GlobalSection(ProjectConfigurationPlatforms) = postSolution
		{52FBD544-5C77-4BC6-BB9A-30C5933617CD}.Debug|Any CPU.ActiveCfg = Debug|Any CPU
		{52FBD544-5C77-4BC6-BB9A-30C5933617CD}.Debug|Any CPU.Build.0 = Debug|Any CPU
		{52FBD544-5C77-4BC6-BB9A-30C5933617CD}.Release|Any CPU.ActiveCfg = Release|Any CPU
		{52FBD544-5C77-4BC6-BB9A-30C5933617CD}.Release|Any CPU.Build.0 = Release|Any CPU
	EndGlobalSection
	GlobalSection(SolutionProperties) = preSolution
		HideSolutionNode = FALSE
	EndGlobalSection
	GlobalSection(ExtensibilityGlobals) = postSolution
		SolutionGuid = {3E9AE40C-A773-425B-AD13-E68A56F9499A}
	EndGlobalSection
EndGlobal
